
Microsoft Visual Studio Solution File, Format Version 12.00
# Visual Studio Version 17
VisualStudioVersion = 17.3.32929.385
MinimumVisualStudioVersion = 10.0.40219.1
Project("{8BC9CEB8-8B4A-11D0-8D11-00A0C91BC942}") = "Lab 6.4.1", "Lab 6.4.1\Lab 6.4.1.vcxproj", "{B6EFFA3B-A9C5-4273-BC7E-BCD8A770BDAB}"
EndProject
Project("{8BC9CEB8-8B4A-11D0-8D11-00A0C91BC942}") = "UnitTest6.4.1", "UnitTest6.4.1\UnitTest6.4.1.vcxproj", "{E8AC9376-A93B-4C21-B016-B5EF9F872CC2}"
EndProject
Global
	GlobalSection(SolutionConfigurationPlatforms) = preSolution
		Debug|x64 = Debug|x64
		Debug|x86 = Debug|x86
		Release|x64 = Release|x64
		Release|x86 = Release|x86
	EndGlobalSection
	GlobalSection(ProjectConfigurationPlatforms) = postSolution
		{B6EFFA3B-A9C5-4273-BC7E-BCD8A770BDAB}.Debug|x64.ActiveCfg = Debug|x64
		{B6EFFA3B-A9C5-4273-BC7E-BCD8A770BDAB}.Debug|x64.Build.0 = Debug|x64
		{B6EFFA3B-A9C5-4273-BC7E-BCD8A770BDAB}.Debug|x86.ActiveCfg = Debug|Win32
		{B6EFFA3B-A9C5-4273-BC7E-BCD8A770BDAB}.Debug|x86.Build.0 = Debug|Win32
		{B6EFFA3B-A9C5-4273-BC7E-BCD8A770BDAB}.Release|x64.ActiveCfg = Release|x64
		{B6EFFA3B-A9C5-4273-BC7E-BCD8A770BDAB}.Release|x64.Build.0 = Release|x64
		{B6EFFA3B-A9C5-4273-BC7E-BCD8A770BDAB}.Release|x86.ActiveCfg = Release|Win32
		{B6EFFA3B-A9C5-4273-BC7E-BCD8A770BDAB}.Release|x86.Build.0 = Release|Win32
		{E8AC9376-A93B-4C21-B016-B5EF9F872CC2}.Debug|x64.ActiveCfg = Debug|x64
		{E8AC9376-A93B-4C21-B016-B5EF9F872CC2}.Debug|x64.Build.0 = Debug|x64
		{E8AC9376-A93B-4C21-B016-B5EF9F872CC2}.Debug|x86.ActiveCfg = Debug|Win32
		{E8AC9376-A93B-4C21-B016-B5EF9F872CC2}.Debug|x86.Build.0 = Debug|Win32
		{E8AC9376-A93B-4C21-B016-B5EF9F872CC2}.Release|x64.ActiveCfg = Release|x64
		{E8AC9376-A93B-4C21-B016-B5EF9F872CC2}.Release|x64.Build.0 = Release|x64
		{E8AC9376-A93B-4C21-B016-B5EF9F872CC2}.Release|x86.ActiveCfg = Release|Win32
		{E8AC9376-A93B-4C21-B016-B5EF9F872CC2}.Release|x86.Build.0 = Release|Win32
	EndGlobalSection
	GlobalSection(SolutionProperties) = preSolution
		HideSolutionNode = FALSE
	EndGlobalSection
	GlobalSection(ExtensibilityGlobals) = postSolution
		SolutionGuid = {49DDE466-3D41-4E78-BAF9-75A0EAEF9356}
	EndGlobalSection
EndGlobal
